
Microsoft Visual Studio Solution File, Format Version 12.00
# Visual Studio Version 16
VisualStudioVersion = 16.0.29201.188
MinimumVisualStudioVersion = 10.0.40219.1
Project("{FAE04EC0-301F-11D3-BF4B-00C04F79EFBC}") = "20211012", "20211012.csproj", "{AC2D380F-9442-41D8-8F62-AFDA7BC0E90F}"
EndProject
Global
	GlobalSection(SolutionConfigurationPlatforms) = preSolution
		Debug|Any CPU = Debug|Any CPU
		Release|Any CPU = Release|Any CPU
	EndGlobalSection
	GlobalSection(ProjectConfigurationPlatforms) = postSolution
		{AC2D380F-9442-41D8-8F62-AFDA7BC0E90F}.Debug|Any CPU.ActiveCfg = Debug|Any CPU
		{AC2D380F-9442-41D8-8F62-AFDA7BC0E90F}.Debug|Any CPU.Build.0 = Debug|Any CPU
		{AC2D380F-9442-41D8-8F62-AFDA7BC0E90F}.Release|Any CPU.ActiveCfg = Release|Any CPU
		{AC2D380F-9442-41D8-8F62-AFDA7BC0E90F}.Release|Any CPU.Build.0 = Release|Any CPU
	EndGlobalSection
	GlobalSection(SolutionProperties) = preSolution
		HideSolutionNode = FALSE
	EndGlobalSection
	GlobalSection(ExtensibilityGlobals) = postSolution
		SolutionGuid = {776530CA-5835-41BB-A162-B87A16BF9BB6}
	EndGlobalSection
EndGlobal
