
Microsoft Visual Studio Solution File, Format Version 12.00
# Visual Studio Version 16
VisualStudioVersion = 16.0.29201.188
MinimumVisualStudioVersion = 10.0.40219.1
Project("{FAE04EC0-301F-11D3-BF4B-00C04F79EFBC}") = "20211008", "20211008.csproj", "{827B3480-C10A-4D5C-8F2D-DAC00A1C25A2}"
EndProject
Global
	GlobalSection(SolutionConfigurationPlatforms) = preSolution
		Debug|Any CPU = Debug|Any CPU
		Release|Any CPU = Release|Any CPU
	EndGlobalSection
	GlobalSection(ProjectConfigurationPlatforms) = postSolution
		{827B3480-C10A-4D5C-8F2D-DAC00A1C25A2}.Debug|Any CPU.ActiveCfg = Debug|Any CPU
		{827B3480-C10A-4D5C-8F2D-DAC00A1C25A2}.Debug|Any CPU.Build.0 = Debug|Any CPU
		{827B3480-C10A-4D5C-8F2D-DAC00A1C25A2}.Release|Any CPU.ActiveCfg = Release|Any CPU
		{827B3480-C10A-4D5C-8F2D-DAC00A1C25A2}.Release|Any CPU.Build.0 = Release|Any CPU
	EndGlobalSection
	GlobalSection(SolutionProperties) = preSolution
		HideSolutionNode = FALSE
	EndGlobalSection
	GlobalSection(ExtensibilityGlobals) = postSolution
		SolutionGuid = {FBAA1D55-C393-4BE5-8DA2-4AA8CD47D29E}
	EndGlobalSection
EndGlobal
