
Microsoft Visual Studio Solution File, Format Version 12.00
# Visual Studio Version 16
VisualStudioVersion = 16.0.29201.188
MinimumVisualStudioVersion = 10.0.40219.1
Project("{FAE04EC0-301F-11D3-BF4B-00C04F79EFBC}") = "20211210", "20211210.csproj", "{BA4E3F38-86A4-4995-A94E-77BC9BC88B9A}"
EndProject
Global
	GlobalSection(SolutionConfigurationPlatforms) = preSolution
		Debug|Any CPU = Debug|Any CPU
		Release|Any CPU = Release|Any CPU
	EndGlobalSection
	GlobalSection(ProjectConfigurationPlatforms) = postSolution
		{BA4E3F38-86A4-4995-A94E-77BC9BC88B9A}.Debug|Any CPU.ActiveCfg = Debug|Any CPU
		{BA4E3F38-86A4-4995-A94E-77BC9BC88B9A}.Debug|Any CPU.Build.0 = Debug|Any CPU
		{BA4E3F38-86A4-4995-A94E-77BC9BC88B9A}.Release|Any CPU.ActiveCfg = Release|Any CPU
		{BA4E3F38-86A4-4995-A94E-77BC9BC88B9A}.Release|Any CPU.Build.0 = Release|Any CPU
	EndGlobalSection
	GlobalSection(SolutionProperties) = preSolution
		HideSolutionNode = FALSE
	EndGlobalSection
	GlobalSection(ExtensibilityGlobals) = postSolution
		SolutionGuid = {EDFDE23E-3B63-481B-AC32-B5BEF3626888}
	EndGlobalSection
EndGlobal
