
Microsoft Visual Studio Solution File, Format Version 12.00
# Visual Studio Version 16
VisualStudioVersion = 16.0.29201.188
MinimumVisualStudioVersion = 10.0.40219.1
Project("{FAE04EC0-301F-11D3-BF4B-00C04F79EFBC}") = "20211015_2", "20211015_2.csproj", "{A3065CE1-E59A-455F-9082-76FF301BF64A}"
EndProject
Global
	GlobalSection(SolutionConfigurationPlatforms) = preSolution
		Debug|Any CPU = Debug|Any CPU
		Release|Any CPU = Release|Any CPU
	EndGlobalSection
	GlobalSection(ProjectConfigurationPlatforms) = postSolution
		{A3065CE1-E59A-455F-9082-76FF301BF64A}.Debug|Any CPU.ActiveCfg = Debug|Any CPU
		{A3065CE1-E59A-455F-9082-76FF301BF64A}.Debug|Any CPU.Build.0 = Debug|Any CPU
		{A3065CE1-E59A-455F-9082-76FF301BF64A}.Release|Any CPU.ActiveCfg = Release|Any CPU
		{A3065CE1-E59A-455F-9082-76FF301BF64A}.Release|Any CPU.Build.0 = Release|Any CPU
	EndGlobalSection
	GlobalSection(SolutionProperties) = preSolution
		HideSolutionNode = FALSE
	EndGlobalSection
	GlobalSection(ExtensibilityGlobals) = postSolution
		SolutionGuid = {1C3ED135-4ECA-434C-8007-DFE8C2D2DF3F}
	EndGlobalSection
EndGlobal
