
Microsoft Visual Studio Solution File, Format Version 12.00
# Visual Studio Version 16
VisualStudioVersion = 16.0.29201.188
MinimumVisualStudioVersion = 10.0.40219.1
Project("{FAE04EC0-301F-11D3-BF4B-00C04F79EFBC}") = "20211214", "20211214.csproj", "{C316D2D7-7278-4944-9E2B-0738D48296EA}"
EndProject
Global
	GlobalSection(SolutionConfigurationPlatforms) = preSolution
		Debug|Any CPU = Debug|Any CPU
		Release|Any CPU = Release|Any CPU
	EndGlobalSection
	GlobalSection(ProjectConfigurationPlatforms) = postSolution
		{C316D2D7-7278-4944-9E2B-0738D48296EA}.Debug|Any CPU.ActiveCfg = Debug|Any CPU
		{C316D2D7-7278-4944-9E2B-0738D48296EA}.Debug|Any CPU.Build.0 = Debug|Any CPU
		{C316D2D7-7278-4944-9E2B-0738D48296EA}.Release|Any CPU.ActiveCfg = Release|Any CPU
		{C316D2D7-7278-4944-9E2B-0738D48296EA}.Release|Any CPU.Build.0 = Release|Any CPU
	EndGlobalSection
	GlobalSection(SolutionProperties) = preSolution
		HideSolutionNode = FALSE
	EndGlobalSection
	GlobalSection(ExtensibilityGlobals) = postSolution
		SolutionGuid = {83117180-1D4F-40B1-9EC1-115B6CFE27F7}
	EndGlobalSection
EndGlobal
